// !$*UTF8*$!
{
	archiveVersion = 1;
	classes = {
	};
	objectVersion = 50;
	objects = {

/* Begin PBXBuildFile section */
		001592642260AE0F00D2814F /* LoopHabitTracker.framework in Frameworks */ = {isa = PBXBuildFile; fileRef = 00C0C6C92246E543003D8AF0 /* LoopHabitTracker.framework */; };
		005166D12471C02D00C6CFD6 /* AppDelegate.swift in Sources */ = {isa = PBXBuildFile; fileRef = 00A5B42722009F590024E00C /* AppDelegate.swift */; };
		006EFE50225432B8008464E0 /* AboutScreenController.swift in Sources */ = {isa = PBXBuildFile; fileRef = 006EFE4F225432B8008464E0 /* AboutScreenController.swift */; };
		00A5B42822009F590024E00C /* AppDelegate.swift in Sources */ = {isa = PBXBuildFile; fileRef = 00A5B42722009F590024E00C /* AppDelegate.swift */; };
		00A5B42A22009F590024E00C /* MainScreenController.swift in Sources */ = {isa = PBXBuildFile; fileRef = 00A5B42922009F590024E00C /* MainScreenController.swift */; };
		00A5B42F22009F5A0024E00C /* Assets.xcassets in Resources */ = {isa = PBXBuildFile; fileRef = 00A5B42E22009F5A0024E00C /* Assets.xcassets */; };
		00C0C6BD22465F65003D8AF0 /* fonts in Resources */ = {isa = PBXBuildFile; fileRef = 00C0C6BA22465F65003D8AF0 /* fonts */; };
		00C0C6BE22465F65003D8AF0 /* databases in Resources */ = {isa = PBXBuildFile; fileRef = 00C0C6BB22465F65003D8AF0 /* databases */; };
		00C0C6BF22465F65003D8AF0 /* migrations in Resources */ = {isa = PBXBuildFile; fileRef = 00C0C6BC22465F65003D8AF0 /* migrations */; };
		00C0C6CA2246E543003D8AF0 /* LoopHabitTracker.framework in Frameworks */ = {isa = PBXBuildFile; fileRef = 00C0C6C92246E543003D8AF0 /* LoopHabitTracker.framework */; };
		00C0C6CC2246E550003D8AF0 /* LoopHabitTracker.framework in Embed Frameworks */ = {isa = PBXBuildFile; fileRef = 00C0C6C92246E543003D8AF0 /* LoopHabitTracker.framework */; settings = {ATTRIBUTES = (CodeSignOnCopy, RemoveHeadersOnCopy, ); }; };
		00C0C6D122470705003D8AF0 /* ComponentView.swift in Sources */ = {isa = PBXBuildFile; fileRef = 00C0C6D022470705003D8AF0 /* ComponentView.swift */; };
		00C0C6E0224A3602003D8AF0 /* DetailScreenController.swift in Sources */ = {isa = PBXBuildFile; fileRef = 00C0C6DE224A35FC003D8AF0 /* DetailScreenController.swift */; };
		00D48BD12200A31300CC4527 /* Launch.storyboard in Resources */ = {isa = PBXBuildFile; fileRef = 00D48BD02200A31300CC4527 /* Launch.storyboard */; };
		00D48BD32200AC1600CC4527 /* EditHabitController.swift in Sources */ = {isa = PBXBuildFile; fileRef = 00D48BD22200AC1600CC4527 /* EditHabitController.swift */; };
/* End PBXBuildFile section */

/* Begin PBXContainerItemProxy section */
		00A5B43922009F5A0024E00C /* PBXContainerItemProxy */ = {
			isa = PBXContainerItemProxy;
			containerPortal = 00A5B41C22009F590024E00C /* Project object */;
			proxyType = 1;
			remoteGlobalIDString = 00A5B42322009F590024E00C;
			remoteInfo = uhabits;
		};
/* End PBXContainerItemProxy section */

/* Begin PBXCopyFilesBuildPhase section */
		00C0C6B522465C47003D8AF0 /* Embed Frameworks */ = {
			isa = PBXCopyFilesBuildPhase;
			buildActionMask = 2147483647;
			dstPath = "";
			dstSubfolderSpec = 10;
			files = (
				00C0C6CC2246E550003D8AF0 /* LoopHabitTracker.framework in Embed Frameworks */,
			);
			name = "Embed Frameworks";
			runOnlyForDeploymentPostprocessing = 0;
		};
/* End PBXCopyFilesBuildPhase section */

/* Begin PBXFileReference section */
		006EFE4F225432B8008464E0 /* AboutScreenController.swift */ = {isa = PBXFileReference; lastKnownFileType = sourcecode.swift; path = AboutScreenController.swift; sourceTree = "<group>"; };
		00A5B42422009F590024E00C /* uhabits.app */ = {isa = PBXFileReference; explicitFileType = wrapper.application; includeInIndex = 0; path = uhabits.app; sourceTree = BUILT_PRODUCTS_DIR; };
		00A5B42722009F590024E00C /* AppDelegate.swift */ = {isa = PBXFileReference; lastKnownFileType = sourcecode.swift; path = AppDelegate.swift; sourceTree = "<group>"; };
		00A5B42922009F590024E00C /* MainScreenController.swift */ = {isa = PBXFileReference; lastKnownFileType = sourcecode.swift; path = MainScreenController.swift; sourceTree = "<group>"; };
		00A5B42E22009F5A0024E00C /* Assets.xcassets */ = {isa = PBXFileReference; lastKnownFileType = folder.assetcatalog; path = Assets.xcassets; sourceTree = "<group>"; };
		00A5B43322009F5A0024E00C /* Info.plist */ = {isa = PBXFileReference; lastKnownFileType = text.plist.xml; path = Info.plist; sourceTree = "<group>"; };
		00A5B43822009F5A0024E00C /* uhabitsTests.xctest */ = {isa = PBXFileReference; explicitFileType = wrapper.cfbundle; includeInIndex = 0; path = uhabitsTests.xctest; sourceTree = BUILT_PRODUCTS_DIR; };
		00A5B43E22009F5A0024E00C /* Info.plist */ = {isa = PBXFileReference; lastKnownFileType = text.plist.xml; path = Info.plist; sourceTree = "<group>"; };
		00C0C6AE224655D8003D8AF0 /* BridgingHeader.h */ = {isa = PBXFileReference; lastKnownFileType = sourcecode.c.h; path = BridgingHeader.h; sourceTree = "<group>"; };
		00C0C6BA22465F65003D8AF0 /* fonts */ = {isa = PBXFileReference; lastKnownFileType = folder; path = fonts; sourceTree = "<group>"; };
		00C0C6BB22465F65003D8AF0 /* databases */ = {isa = PBXFileReference; lastKnownFileType = folder; path = databases; sourceTree = "<group>"; };
		00C0C6BC22465F65003D8AF0 /* migrations */ = {isa = PBXFileReference; lastKnownFileType = folder; path = migrations; sourceTree = "<group>"; };
		00C0C6C92246E543003D8AF0 /* LoopHabitTracker.framework */ = {isa = PBXFileReference; lastKnownFileType = wrapper.framework; name = LoopHabitTracker.framework; path = "../uhabits-core-legacy/build/bin/ios/debugFramework/LoopHabitTracker.framework"; sourceTree = "<group>"; };
		00C0C6D022470705003D8AF0 /* ComponentView.swift */ = {isa = PBXFileReference; lastKnownFileType = sourcecode.swift; path = ComponentView.swift; sourceTree = "<group>"; };
		00C0C6DE224A35FC003D8AF0 /* DetailScreenController.swift */ = {isa = PBXFileReference; lastKnownFileType = sourcecode.swift; path = DetailScreenController.swift; sourceTree = "<group>"; };
		00D48BD02200A31300CC4527 /* Launch.storyboard */ = {isa = PBXFileReference; lastKnownFileType = file.storyboard; path = Launch.storyboard; sourceTree = "<group>"; };
		00D48BD22200AC1600CC4527 /* EditHabitController.swift */ = {isa = PBXFileReference; lastKnownFileType = sourcecode.swift; path = EditHabitController.swift; sourceTree = "<group>"; };
/* End PBXFileReference section */

/* Begin PBXFrameworksBuildPhase section */
		00A5B42122009F590024E00C /* Frameworks */ = {
			isa = PBXFrameworksBuildPhase;
			buildActionMask = 2147483647;
			files = (
				00C0C6CA2246E543003D8AF0 /* LoopHabitTracker.framework in Frameworks */,
			);
			runOnlyForDeploymentPostprocessing = 0;
		};
		00A5B43522009F5A0024E00C /* Frameworks */ = {
			isa = PBXFrameworksBuildPhase;
			buildActionMask = 2147483647;
			files = (
				001592642260AE0F00D2814F /* LoopHabitTracker.framework in Frameworks */,
			);
			runOnlyForDeploymentPostprocessing = 0;
		};
/* End PBXFrameworksBuildPhase section */

/* Begin PBXGroup section */
		006EFE49224FF41B008464E0 /* Frontend */ = {
			isa = PBXGroup;
			children = (
				006EFE4F225432B8008464E0 /* AboutScreenController.swift */,
				00C0C6DE224A35FC003D8AF0 /* DetailScreenController.swift */,
				00D48BD22200AC1600CC4527 /* EditHabitController.swift */,
				00A5B42922009F590024E00C /* MainScreenController.swift */,
			);
			path = Frontend;
			sourceTree = "<group>";
		};
		00A5B41B22009F590024E00C = {
			isa = PBXGroup;
			children = (
				00C0C6C022465F80003D8AF0 /* Assets */,
				00A5B42622009F590024E00C /* Application */,
				00A5B43B22009F5A0024E00C /* Tests */,
				00A5B42522009F590024E00C /* Products */,
				00C0C6B0224658CD003D8AF0 /* Frameworks */,
			);
			sourceTree = "<group>";
		};
		00A5B42522009F590024E00C /* Products */ = {
			isa = PBXGroup;
			children = (
				00A5B42422009F590024E00C /* uhabits.app */,
				00A5B43822009F5A0024E00C /* uhabitsTests.xctest */,
			);
			name = Products;
			sourceTree = "<group>";
		};
		00A5B42622009F590024E00C /* Application */ = {
			isa = PBXGroup;
			children = (
				00C0C6AE224655D8003D8AF0 /* BridgingHeader.h */,
				00A5B43322009F5A0024E00C /* Info.plist */,
				00D48BD02200A31300CC4527 /* Launch.storyboard */,
				00A5B42722009F590024E00C /* AppDelegate.swift */,
				00A5B42E22009F5A0024E00C /* Assets.xcassets */,
				006EFE49224FF41B008464E0 /* Frontend */,
				00C0C6D622471BA3003D8AF0 /* Platform */,
			);
			path = Application;
			sourceTree = "<group>";
		};
		00A5B43B22009F5A0024E00C /* Tests */ = {
			isa = PBXGroup;
			children = (
				00A5B43E22009F5A0024E00C /* Info.plist */,
			);
			path = Tests;
			sourceTree = "<group>";
		};
		00C0C6B0224658CD003D8AF0 /* Frameworks */ = {
			isa = PBXGroup;
			children = (
				00C0C6C92246E543003D8AF0 /* LoopHabitTracker.framework */,
			);
			name = Frameworks;
			sourceTree = "<group>";
		};
		00C0C6C022465F80003D8AF0 /* Assets */ = {
			isa = PBXGroup;
			children = (
				00C0C6BB22465F65003D8AF0 /* databases */,
				00C0C6BA22465F65003D8AF0 /* fonts */,
				00C0C6BC22465F65003D8AF0 /* migrations */,
			);
			name = Assets;
			path = "../uhabits-core-legacy/assets/main";
			sourceTree = "<group>";
		};
		00C0C6D622471BA3003D8AF0 /* Platform */ = {
			isa = PBXGroup;
			children = (
				00C0C6D022470705003D8AF0 /* ComponentView.swift */,
			);
			path = Platform;
			sourceTree = "<group>";
		};
/* End PBXGroup section */

/* Begin PBXNativeTarget section */
		00A5B42322009F590024E00C /* uhabits */ = {
			isa = PBXNativeTarget;
			buildConfigurationList = 00A5B44122009F5A0024E00C /* Build configuration list for PBXNativeTarget "uhabits" */;
			buildPhases = (
				00C0C6D32247134F003D8AF0 /* Build Core Module */,
				00A5B42022009F590024E00C /* Sources */,
				00A5B42122009F590024E00C /* Frameworks */,
				00A5B42222009F590024E00C /* Resources */,
				00C0C6B522465C47003D8AF0 /* Embed Frameworks */,
			);
			buildRules = (
			);
			dependencies = (
			);
			name = uhabits;
			productName = uhabits;
			productReference = 00A5B42422009F590024E00C /* uhabits.app */;
			productType = "com.apple.product-type.application";
		};
		00A5B43722009F5A0024E00C /* uhabitsTests */ = {
			isa = PBXNativeTarget;
			buildConfigurationList = 00A5B44422009F5A0024E00C /* Build configuration list for PBXNativeTarget "uhabitsTests" */;
			buildPhases = (
				00A5B43422009F5A0024E00C /* Sources */,
				00A5B43522009F5A0024E00C /* Frameworks */,
				00A5B43622009F5A0024E00C /* Resources */,
			);
			buildRules = (
			);
			dependencies = (
				00A5B43A22009F5A0024E00C /* PBXTargetDependency */,
			);
			name = uhabitsTests;
			productName = uhabitsTests;
			productReference = 00A5B43822009F5A0024E00C /* uhabitsTests.xctest */;
			productType = "com.apple.product-type.bundle.unit-test";
		};
/* End PBXNativeTarget section */

/* Begin PBXProject section */
		00A5B41C22009F590024E00C /* Project object */ = {
			isa = PBXProject;
			attributes = {
				LastSwiftUpdateCheck = 1010;
				LastUpgradeCheck = 1010;
				ORGANIZATIONNAME = Loop;
				TargetAttributes = {
					00A5B42322009F590024E00C = {
						CreatedOnToolsVersion = 10.1;
					};
					00A5B43722009F5A0024E00C = {
						CreatedOnToolsVersion = 10.1;
						TestTargetID = 00A5B42322009F590024E00C;
					};
				};
			};
			buildConfigurationList = 00A5B41F22009F590024E00C /* Build configuration list for PBXProject "uhabits" */;
			compatibilityVersion = "Xcode 9.3";
			developmentRegion = en;
			hasScannedForEncodings = 0;
			knownRegions = (
				en,
				Base,
			);
			mainGroup = 00A5B41B22009F590024E00C;
			productRefGroup = 00A5B42522009F590024E00C /* Products */;
			projectDirPath = "";
			projectRoot = "";
			targets = (
				00A5B42322009F590024E00C /* uhabits */,
				00A5B43722009F5A0024E00C /* uhabitsTests */,
			);
		};
/* End PBXProject section */

/* Begin PBXResourcesBuildPhase section */
		00A5B42222009F590024E00C /* Resources */ = {
			isa = PBXResourcesBuildPhase;
			buildActionMask = 2147483647;
			files = (
				00C0C6BD22465F65003D8AF0 /* fonts in Resources */,
				00C0C6BE22465F65003D8AF0 /* databases in Resources */,
				00C0C6BF22465F65003D8AF0 /* migrations in Resources */,
				00A5B42F22009F5A0024E00C /* Assets.xcassets in Resources */,
				00D48BD12200A31300CC4527 /* Launch.storyboard in Resources */,
			);
			runOnlyForDeploymentPostprocessing = 0;
		};
		00A5B43622009F5A0024E00C /* Resources */ = {
			isa = PBXResourcesBuildPhase;
			buildActionMask = 2147483647;
			files = (
			);
			runOnlyForDeploymentPostprocessing = 0;
		};
/* End PBXResourcesBuildPhase section */

/* Begin PBXShellScriptBuildPhase section */
		00C0C6D32247134F003D8AF0 /* Build Core Module */ = {
			isa = PBXShellScriptBuildPhase;
			buildActionMask = 2147483647;
			files = (
			);
			inputFileListPaths = (
			);
			inputPaths = (
			);
			name = "Build Core Module";
			outputFileListPaths = (
			);
			outputPaths = (
			);
			runOnlyForDeploymentPostprocessing = 0;
			shellPath = /bin/sh;
			shellScript = "cd ../uhabits-core-legacy\n../gradlew linkDebugFrameworkIos\n";
		};
/* End PBXShellScriptBuildPhase section */

/* Begin PBXSourcesBuildPhase section */
		00A5B42022009F590024E00C /* Sources */ = {
			isa = PBXSourcesBuildPhase;
			buildActionMask = 2147483647;
			files = (
				00C0C6D122470705003D8AF0 /* ComponentView.swift in Sources */,
				00C0C6E0224A3602003D8AF0 /* DetailScreenController.swift in Sources */,
				00A5B42A22009F590024E00C /* MainScreenController.swift in Sources */,
				00A5B42822009F590024E00C /* AppDelegate.swift in Sources */,
				00D48BD32200AC1600CC4527 /* EditHabitController.swift in Sources */,
				006EFE50225432B8008464E0 /* AboutScreenController.swift in Sources */,
			);
			runOnlyForDeploymentPostprocessing = 0;
		};
		00A5B43422009F5A0024E00C /* Sources */ = {
			isa = PBXSourcesBuildPhase;
			buildActionMask = 2147483647;
			files = (
				005166D12471C02D00C6CFD6 /* AppDelegate.swift in Sources */,
			);
			runOnlyForDeploymentPostprocessing = 0;
		};
/* End PBXSourcesBuildPhase section */

/* Begin PBXTargetDependency section */
		00A5B43A22009F5A0024E00C /* PBXTargetDependency */ = {
			isa = PBXTargetDependency;
			target = 00A5B42322009F590024E00C /* uhabits */;
			targetProxy = 00A5B43922009F5A0024E00C /* PBXContainerItemProxy */;
		};
/* End PBXTargetDependency section */

/* Begin XCBuildConfiguration section */
		00A5B43F22009F5A0024E00C /* Debug */ = {
			isa = XCBuildConfiguration;
			buildSettings = {
				ALWAYS_SEARCH_USER_PATHS = NO;
				CLANG_ANALYZER_NONNULL = YES;
				CLANG_ANALYZER_NUMBER_OBJECT_CONVERSION = YES_AGGRESSIVE;
				CLANG_CXX_LANGUAGE_STANDARD = "gnu++14";
				CLANG_CXX_LIBRARY = "libc++";
				CLANG_ENABLE_MODULES = YES;
				CLANG_ENABLE_OBJC_ARC = YES;
				CLANG_ENABLE_OBJC_WEAK = YES;
				CLANG_WARN_BLOCK_CAPTURE_AUTORELEASING = YES;
				CLANG_WARN_BOOL_CONVERSION = YES;
				CLANG_WARN_COMMA = YES;
				CLANG_WARN_CONSTANT_CONVERSION = YES;
				CLANG_WARN_DEPRECATED_OBJC_IMPLEMENTATIONS = YES;
				CLANG_WARN_DIRECT_OBJC_ISA_USAGE = YES_ERROR;
				CLANG_WARN_DOCUMENTATION_COMMENTS = YES;
				CLANG_WARN_EMPTY_BODY = YES;
				CLANG_WARN_ENUM_CONVERSION = YES;
				CLANG_WARN_INFINITE_RECURSION = YES;
				CLANG_WARN_INT_CONVERSION = YES;
				CLANG_WARN_NON_LITERAL_NULL_CONVERSION = YES;
				CLANG_WARN_OBJC_IMPLICIT_RETAIN_SELF = YES;
				CLANG_WARN_OBJC_LITERAL_CONVERSION = YES;
				CLANG_WARN_OBJC_ROOT_CLASS = YES_ERROR;
				CLANG_WARN_RANGE_LOOP_ANALYSIS = YES;
				CLANG_WARN_STRICT_PROTOTYPES = YES;
				CLANG_WARN_SUSPICIOUS_MOVE = YES;
				CLANG_WARN_UNGUARDED_AVAILABILITY = YES_AGGRESSIVE;
				CLANG_WARN_UNREACHABLE_CODE = YES;
				CLANG_WARN__DUPLICATE_METHOD_MATCH = YES;
				CODE_SIGN_IDENTITY = "iPhone Developer";
				COPY_PHASE_STRIP = NO;
				DEBUG_INFORMATION_FORMAT = dwarf;
				ENABLE_STRICT_OBJC_MSGSEND = YES;
				ENABLE_TESTABILITY = YES;
				FRAMEWORK_SEARCH_PATHS = "";
				GCC_C_LANGUAGE_STANDARD = gnu11;
				GCC_DYNAMIC_NO_PIC = NO;
				GCC_NO_COMMON_BLOCKS = YES;
				GCC_OPTIMIZATION_LEVEL = 0;
				GCC_PREPROCESSOR_DEFINITIONS = (
					"DEBUG=1",
					"$(inherited)",
				);
				GCC_WARN_64_TO_32_BIT_CONVERSION = YES;
				GCC_WARN_ABOUT_RETURN_TYPE = YES_ERROR;
				GCC_WARN_UNDECLARED_SELECTOR = YES;
				GCC_WARN_UNINITIALIZED_AUTOS = YES_AGGRESSIVE;
				GCC_WARN_UNUSED_FUNCTION = YES;
				GCC_WARN_UNUSED_VARIABLE = YES;
				HEADER_SEARCH_PATHS = "";
				IPHONEOS_DEPLOYMENT_TARGET = 12.1;
				MTL_ENABLE_DEBUG_INFO = INCLUDE_SOURCE;
				MTL_FAST_MATH = YES;
				ONLY_ACTIVE_ARCH = YES;
				SDKROOT = iphoneos;
				SWIFT_ACTIVE_COMPILATION_CONDITIONS = DEBUG;
				SWIFT_OPTIMIZATION_LEVEL = "-Onone";
			};
			name = Debug;
		};
		00A5B44022009F5A0024E00C /* Release */ = {
			isa = XCBuildConfiguration;
			buildSettings = {
				ALWAYS_SEARCH_USER_PATHS = NO;
				CLANG_ANALYZER_NONNULL = YES;
				CLANG_ANALYZER_NUMBER_OBJECT_CONVERSION = YES_AGGRESSIVE;
				CLANG_CXX_LANGUAGE_STANDARD = "gnu++14";
				CLANG_CXX_LIBRARY = "libc++";
				CLANG_ENABLE_MODULES = YES;
				CLANG_ENABLE_OBJC_ARC = YES;
				CLANG_ENABLE_OBJC_WEAK = YES;
				CLANG_WARN_BLOCK_CAPTURE_AUTORELEASING = YES;
				CLANG_WARN_BOOL_CONVERSION = YES;
				CLANG_WARN_COMMA = YES;
				CLANG_WARN_CONSTANT_CONVERSION = YES;
				CLANG_WARN_DEPRECATED_OBJC_IMPLEMENTATIONS = YES;
				CLANG_WARN_DIRECT_OBJC_ISA_USAGE = YES_ERROR;
				CLANG_WARN_DOCUMENTATION_COMMENTS = YES;
				CLANG_WARN_EMPTY_BODY = YES;
				CLANG_WARN_ENUM_CONVERSION = YES;
				CLANG_WARN_INFINITE_RECURSION = YES;
				CLANG_WARN_INT_CONVERSION = YES;
				CLANG_WARN_NON_LITERAL_NULL_CONVERSION = YES;
				CLANG_WARN_OBJC_IMPLICIT_RETAIN_SELF = YES;
				CLANG_WARN_OBJC_LITERAL_CONVERSION = YES;
				CLANG_WARN_OBJC_ROOT_CLASS = YES_ERROR;
				CLANG_WARN_RANGE_LOOP_ANALYSIS = YES;
				CLANG_WARN_STRICT_PROTOTYPES = YES;
				CLANG_WARN_SUSPICIOUS_MOVE = YES;
				CLANG_WARN_UNGUARDED_AVAILABILITY = YES_AGGRESSIVE;
				CLANG_WARN_UNREACHABLE_CODE = YES;
				CLANG_WARN__DUPLICATE_METHOD_MATCH = YES;
				CODE_SIGN_IDENTITY = "iPhone Developer";
				COPY_PHASE_STRIP = NO;
				DEBUG_INFORMATION_FORMAT = "dwarf-with-dsym";
				ENABLE_NS_ASSERTIONS = NO;
				ENABLE_STRICT_OBJC_MSGSEND = YES;
				FRAMEWORK_SEARCH_PATHS = "";
				GCC_C_LANGUAGE_STANDARD = gnu11;
				GCC_NO_COMMON_BLOCKS = YES;
				GCC_WARN_64_TO_32_BIT_CONVERSION = YES;
				GCC_WARN_ABOUT_RETURN_TYPE = YES_ERROR;
				GCC_WARN_UNDECLARED_SELECTOR = YES;
				GCC_WARN_UNINITIALIZED_AUTOS = YES_AGGRESSIVE;
				GCC_WARN_UNUSED_FUNCTION = YES;
				GCC_WARN_UNUSED_VARIABLE = YES;
				HEADER_SEARCH_PATHS = "";
				IPHONEOS_DEPLOYMENT_TARGET = 12.1;
				MTL_ENABLE_DEBUG_INFO = NO;
				MTL_FAST_MATH = YES;
				SDKROOT = iphoneos;
				SWIFT_COMPILATION_MODE = wholemodule;
				SWIFT_OPTIMIZATION_LEVEL = "-O";
				VALIDATE_PRODUCT = YES;
			};
			name = Release;
		};
		00A5B44222009F5A0024E00C /* Debug */ = {
			isa = XCBuildConfiguration;
			buildSettings = {
				ASSETCATALOG_COMPILER_APPICON_NAME = AppIcon;
				CODE_SIGN_IDENTITY = "iPhone Developer";
				CODE_SIGN_STYLE = Automatic;
				DEVELOPMENT_TEAM = R5YTHGE3PS;
				ENABLE_BITCODE = NO;
				FRAMEWORK_SEARCH_PATHS = (
					"$(PROJECT_DIR)/../uhabits-core-legacy/build/bin/ios/debugFramework/",
					"$(PROJECT_DIR)",
				);
				HEADER_SEARCH_PATHS = "$(PROJECT_DIR)/../uhabits-core-legacy/build/bin/ios/debugFramework/LoopHabitTracker.framework/Headers/";
				INFOPLIST_FILE = Application/Info.plist;
				LD_RUNPATH_SEARCH_PATHS = (
					"$(inherited)",
					"@executable_path/Frameworks",
				);
				PRODUCT_BUNDLE_IDENTIFIER = org.isoron.uhabits;
				PRODUCT_NAME = "$(TARGET_NAME)";
				PROVISIONING_PROFILE_SPECIFIER = "";
				SWIFT_OBJC_BRIDGING_HEADER = Application/BridgingHeader.h;
				SWIFT_PRECOMPILE_BRIDGING_HEADER = NO;
				SWIFT_VERSION = 4.2;
				TARGETED_DEVICE_FAMILY = "1,2";
			};
			name = Debug;
		};
		00A5B44322009F5A0024E00C /* Release */ = {
			isa = XCBuildConfiguration;
			buildSettings = {
				ASSETCATALOG_COMPILER_APPICON_NAME = AppIcon;
				CODE_SIGN_IDENTITY = "iPhone Developer";
				CODE_SIGN_STYLE = Automatic;
				DEVELOPMENT_TEAM = R5YTHGE3PS;
				ENABLE_BITCODE = NO;
				FRAMEWORK_SEARCH_PATHS = (
					"$(PROJECT_DIR)/../uhabits-core-legacy/build/bin/ios/debugFramework/",
					"$(PROJECT_DIR)",
				);
				HEADER_SEARCH_PATHS = "$(PROJECT_DIR)/../uhabits-core-legacy/build/bin/ios/debugFramework/LoopHabitTracker.framework/Headers/";
				INFOPLIST_FILE = Application/Info.plist;
				LD_RUNPATH_SEARCH_PATHS = (
					"$(inherited)",
					"@executable_path/Frameworks",
				);
				PRODUCT_BUNDLE_IDENTIFIER = org.isoron.uhabits;
				PRODUCT_NAME = "$(TARGET_NAME)";
				PROVISIONING_PROFILE_SPECIFIER = "";
				SWIFT_OBJC_BRIDGING_HEADER = Application/BridgingHeader.h;
				SWIFT_PRECOMPILE_BRIDGING_HEADER = NO;
				SWIFT_VERSION = 4.2;
				TARGETED_DEVICE_FAMILY = "1,2";
			};
			name = Release;
		};
		00A5B44522009F5A0024E00C /* Debug */ = {
			isa = XCBuildConfiguration;
			buildSettings = {
				ALWAYS_EMBED_SWIFT_STANDARD_LIBRARIES = YES;
				BUNDLE_LOADER = "$(TEST_HOST)";
				CODE_SIGN_STYLE = Automatic;
				DEVELOPMENT_TEAM = R5YTHGE3PS;
				FRAMEWORK_SEARCH_PATHS = "$(PROJECT_DIR)/../core/build/bin/ios/mainDebugFramework/";
				HEADER_SEARCH_PATHS = "$(PROJECT_DIR)/../core/build/bin/ios/mainDebugFramework/main.framework/Headers/";
				INFOPLIST_FILE = Tests/Info.plist;
				LD_RUNPATH_SEARCH_PATHS = (
					"$(inherited)",
					"@executable_path/Frameworks",
					"@loader_path/Frameworks",
				);
				PRODUCT_BUNDLE_IDENTIFIER = org.isoron.uhabitsTests;
				PRODUCT_NAME = "$(TARGET_NAME)";
				SWIFT_OBJC_BRIDGING_HEADER = "";
				SWIFT_PRECOMPILE_BRIDGING_HEADER = NO;
				SWIFT_VERSION = 4.2;
				TARGETED_DEVICE_FAMILY = "1,2";
				TEST_HOST = "$(BUILT_PRODUCTS_DIR)/uhabits.app/uhabits";
			};
			name = Debug;
		};
		00A5B44622009F5A0024E00C /* Release */ = {
			isa = XCBuildConfiguration;
			buildSettings = {
				ALWAYS_EMBED_SWIFT_STANDARD_LIBRARIES = YES;
				BUNDLE_LOADER = "$(TEST_HOST)";
				CODE_SIGN_STYLE = Automatic;
				DEVELOPMENT_TEAM = R5YTHGE3PS;
				FRAMEWORK_SEARCH_PATHS = "$(PROJECT_DIR)/../core/build/bin/ios/mainDebugFramework/";
				HEADER_SEARCH_PATHS = "$(PROJECT_DIR)/../core/build/bin/ios/mainDebugFramework/main.framework/Headers/";
				INFOPLIST_FILE = Tests/Info.plist;
				LD_RUNPATH_SEARCH_PATHS = (
					"$(inherited)",
					"@executable_path/Frameworks",
					"@loader_path/Frameworks",
				);
				PRODUCT_BUNDLE_IDENTIFIER = org.isoron.uhabitsTests;
				PRODUCT_NAME = "$(TARGET_NAME)";
				SWIFT_OBJC_BRIDGING_HEADER = "";
				SWIFT_PRECOMPILE_BRIDGING_HEADER = NO;
				SWIFT_VERSION = 4.2;
				TARGETED_DEVICE_FAMILY = "1,2";
				TEST_HOST = "$(BUILT_PRODUCTS_DIR)/uhabits.app/uhabits";
			};
			name = Release;
		};
/* End XCBuildConfiguration section */

/* Begin XCConfigurationList section */
		00A5B41F22009F590024E00C /* Build configuration list for PBXProject "uhabits" */ = {
			isa = XCConfigurationList;
			buildConfigurations = (
				00A5B43F22009F5A0024E00C /* Debug */,
				00A5B44022009F5A0024E00C /* Release */,
			);
			defaultConfigurationIsVisible = 0;
			defaultConfigurationName = Release;
		};
		00A5B44122009F5A0024E00C /* Build configuration list for PBXNativeTarget "uhabits" */ = {
			isa = XCConfigurationList;
			buildConfigurations = (
				00A5B44222009F5A0024E00C /* Debug */,
				00A5B44322009F5A0024E00C /* Release */,
			);
			defaultConfigurationIsVisible = 0;
			defaultConfigurationName = Release;
		};
		00A5B44422009F5A0024E00C /* Build configuration list for PBXNativeTarget "uhabitsTests" */ = {
			isa = XCConfigurationList;
			buildConfigurations = (
				00A5B44522009F5A0024E00C /* Debug */,
				00A5B44622009F5A0024E00C /* Release */,
			);
			defaultConfigurationIsVisible = 0;
			defaultConfigurationName = Release;
		};
/* End XCConfigurationList section */
	};
	rootObject = 00A5B41C22009F590024E00C /* Project object */;
}
